// !$*UTF8*$!
{
	archiveVersion = 1;
	classes = {
	};
	objectVersion = 56;
	objects = {

/* Begin PBXBuildFile section */
		92C3DFE92F94694000624728 /* CoreML.framework in Frameworks */ = {isa = PBXBuildFile; fileRef = 92C3DFE82F94694000624728 /* CoreML.framework */; };
		92C3DFEB2F94695F00624728 /* Accelerate.framework in Frameworks */ = {isa = PBXBuildFile; fileRef = 92C3DFEA2F94695F00624728 /* Accelerate.framework */; };
		A10000000000000000000001 /* EmberApp.swift in Sources */ = {isa = PBXBuildFile; fileRef = A20000000000000000000001 /* EmberApp.swift */; };
		A10000000000000000000002 /* DashboardView.swift in Sources */ = {isa = PBXBuildFile; fileRef = A20000000000000000000002 /* DashboardView.swift */; };
		A10000000000000000000003 /* CactusManager.swift in Sources */ = {isa = PBXBuildFile; fileRef = A20000000000000000000003 /* CactusManager.swift */; };
		A10000000000000000000004 /* APIService.swift in Sources */ = {isa = PBXBuildFile; fileRef = A20000000000000000000004 /* APIService.swift */; };
		A10000000000000000000005 /* Models.swift in Sources */ = {isa = PBXBuildFile; fileRef = A20000000000000000000005 /* Models.swift */; };
		A10000000000000000000006 /* ProfileSyncCoordinator.swift in Sources */ = {isa = PBXBuildFile; fileRef = A20000000000000000000006 /* ProfileSyncCoordinator.swift */; };
		A10000000000000000000007 /* AppEnvironment.swift in Sources */ = {isa = PBXBuildFile; fileRef = A20000000000000000000007 /* AppEnvironment.swift */; };
		A10000000000000000000008 /* MemoryFootprint.swift in Sources */ = {isa = PBXBuildFile; fileRef = A20000000000000000000008 /* MemoryFootprint.swift */; };
		B12000000000000000000001 /* EmberTheme.swift in Sources */ = {isa = PBXBuildFile; fileRef = B11000000000000000000001 /* EmberTheme.swift */; };
		D12000000000000000000001 /* MainTabView.swift in Sources */ = {isa = PBXBuildFile; fileRef = D11000000000000000000001 /* MainTabView.swift */; };
		D12000000000000000000002 /* LiveAudioView.swift in Sources */ = {isa = PBXBuildFile; fileRef = D11000000000000000000002 /* LiveAudioView.swift */; };
		D12000000000000000000003 /* AudioCaptureService.swift in Sources */ = {isa = PBXBuildFile; fileRef = D11000000000000000000003 /* AudioCaptureService.swift */; };
		D12000000000000000000004 /* RealtimeAudioStreamService.swift in Sources */ = {isa = PBXBuildFile; fileRef = D11000000000000000000004 /* RealtimeAudioStreamService.swift */; };
		D12000000000000000000005 /* AudioFeatureExtractor.swift in Sources */ = {isa = PBXBuildFile; fileRef = D11000000000000000000005 /* AudioFeatureExtractor.swift */; };
		D12000000000000000000006 /* TelemetryModels.swift in Sources */ = {isa = PBXBuildFile; fileRef = D11000000000000000000006 /* TelemetryModels.swift */; };
		D12000000000000000000007 /* TelemetryBuffer.swift in Sources */ = {isa = PBXBuildFile; fileRef = D11000000000000000000007 /* TelemetryBuffer.swift */; };
		D12000000000000000000008 /* FacialTelemetryManager.swift in Sources */ = {isa = PBXBuildFile; fileRef = D11000000000000000000008 /* FacialTelemetryManager.swift */; };
		D12000000000000000000009 /* MotionTelemetryManager.swift in Sources */ = {isa = PBXBuildFile; fileRef = D11000000000000000000009 /* MotionTelemetryManager.swift */; };
		D1200000000000000000000A /* AudioTelemetryManager.swift in Sources */ = {isa = PBXBuildFile; fileRef = D1100000000000000000000A /* AudioTelemetryManager.swift */; };
		D1200000000000000000000B /* SensoryEnvironmentManager.swift in Sources */ = {isa = PBXBuildFile; fileRef = D1100000000000000000000B /* SensoryEnvironmentManager.swift */; };
		D1200000000000000000000C /* TouchTelemetryCaptureView.swift in Sources */ = {isa = PBXBuildFile; fileRef = D1100000000000000000000C /* TouchTelemetryCaptureView.swift */; };
		D1200000000000000000000D /* TelemetryOrchestrator.swift in Sources */ = {isa = PBXBuildFile; fileRef = D1100000000000000000000D /* TelemetryOrchestrator.swift */; };
		D1200000000000000000000E /* TelemetryMonitorView.swift in Sources */ = {isa = PBXBuildFile; fileRef = D1100000000000000000000E /* TelemetryMonitorView.swift */; };
		D1200000000000000000000F /* AudioTripwireManager.swift in Sources */ = {isa = PBXBuildFile; fileRef = D1100000000000000000000F /* AudioTripwireManager.swift */; };
		D12000000000000000000010 /* ActiveAssessmentView.swift in Sources */ = {isa = PBXBuildFile; fileRef = D11000000000000000000010 /* ActiveAssessmentView.swift */; };
		D12000000000000000000011 /* EmberNotificationRouter.swift in Sources */ = {isa = PBXBuildFile; fileRef = D11000000000000000000011 /* EmberNotificationRouter.swift */; };
		D12000000000000000000012 /* JournalModels.swift in Sources */ = {isa = PBXBuildFile; fileRef = D11000000000000000000012 /* JournalModels.swift */; };
		D12000000000000000000013 /* JournalStore.swift in Sources */ = {isa = PBXBuildFile; fileRef = D11000000000000000000013 /* JournalStore.swift */; };
		D12000000000000000000014 /* VideoJournalRecorderView.swift in Sources */ = {isa = PBXBuildFile; fileRef = D11000000000000000000014 /* VideoJournalRecorderView.swift */; };
		D12000000000000000000015 /* JournalTelemetryAnalyzer.swift in Sources */ = {isa = PBXBuildFile; fileRef = D11000000000000000000015 /* JournalTelemetryAnalyzer.swift */; };
		D12000000000000000000016 /* JournalCaptureView.swift in Sources */ = {isa = PBXBuildFile; fileRef = D11000000000000000000016 /* JournalCaptureView.swift */; };
		D12000000000000000000017 /* JournalDetailView.swift in Sources */ = {isa = PBXBuildFile; fileRef = D11000000000000000000017 /* JournalDetailView.swift */; };
		D12000000000000000000018 /* JournalHomeView.swift in Sources */ = {isa = PBXBuildFile; fileRef = D11000000000000000000018 /* JournalHomeView.swift */; };
		D12000000000000000000019 /* MasterMindTabView.swift in Sources */ = {isa = PBXBuildFile; fileRef = D11000000000000000000019 /* MasterMindTabView.swift */; };
		D1200000000000000000001A /* JournalLibraryView.swift in Sources */ = {isa = PBXBuildFile; fileRef = D1100000000000000000001A /* JournalLibraryView.swift */; };
		D1200000000000000000001B /* MasterMindSettingsView.swift in Sources */ = {isa = PBXBuildFile; fileRef = D1100000000000000000001B /* MasterMindSettingsView.swift */; };
		D1200000000000000000001C /* MasterMindOnboardingView.swift in Sources */ = {isa = PBXBuildFile; fileRef = D1100000000000000000001C /* MasterMindOnboardingView.swift */; };
		E12000000000000000000001 /* Assets.xcassets in Resources */ = {isa = PBXBuildFile; fileRef = E11000000000000000000001 /* Assets.xcassets */; };
/* End PBXBuildFile section */

/* Begin PBXFileReference section */
		92C3DFE82F94694000624728 /* CoreML.framework */ = {isa = PBXFileReference; lastKnownFileType = wrapper.framework; name = CoreML.framework; path = System/Library/Frameworks/CoreML.framework; sourceTree = SDKROOT; };
		92C3DFEA2F94695F00624728 /* Accelerate.framework */ = {isa = PBXFileReference; lastKnownFileType = wrapper.framework; name = Accelerate.framework; path = System/Library/Frameworks/Accelerate.framework; sourceTree = SDKROOT; };
		A20000000000000000000001 /* EmberApp.swift */ = {isa = PBXFileReference; lastKnownFileType = sourcecode.swift; path = EmberApp.swift; sourceTree = "<group>"; };
		A20000000000000000000002 /* DashboardView.swift */ = {isa = PBXFileReference; lastKnownFileType = sourcecode.swift; path = DashboardView.swift; sourceTree = "<group>"; };
		A20000000000000000000003 /* CactusManager.swift */ = {isa = PBXFileReference; lastKnownFileType = sourcecode.swift; path = CactusManager.swift; sourceTree = "<group>"; };
		A20000000000000000000004 /* APIService.swift */ = {isa = PBXFileReference; lastKnownFileType = sourcecode.swift; path = APIService.swift; sourceTree = "<group>"; };
		A20000000000000000000005 /* Models.swift */ = {isa = PBXFileReference; lastKnownFileType = sourcecode.swift; path = Models.swift; sourceTree = "<group>"; };
		A20000000000000000000006 /* ProfileSyncCoordinator.swift */ = {isa = PBXFileReference; lastKnownFileType = sourcecode.swift; path = ProfileSyncCoordinator.swift; sourceTree = "<group>"; };
		A20000000000000000000007 /* AppEnvironment.swift */ = {isa = PBXFileReference; lastKnownFileType = sourcecode.swift; path = AppEnvironment.swift; sourceTree = "<group>"; };
		A20000000000000000000008 /* MemoryFootprint.swift */ = {isa = PBXFileReference; lastKnownFileType = sourcecode.swift; path = MemoryFootprint.swift; sourceTree = "<group>"; };
		A20000000000000000000009 /* Info.plist */ = {isa = PBXFileReference; lastKnownFileType = text.plist.xml; path = Info.plist; sourceTree = "<group>"; };
		A2000000000000000000000A /* Ember-Bridging-Header.h */ = {isa = PBXFileReference; lastKnownFileType = sourcecode.c.h; path = "Ember-Bridging-Header.h"; sourceTree = "<group>"; };
		A2000000000000000000000B /* Ember.app */ = {isa = PBXFileReference; explicitFileType = wrapper.application; includeInIndex = 0; path = Ember.app; sourceTree = BUILT_PRODUCTS_DIR; };
		B11000000000000000000001 /* EmberTheme.swift */ = {isa = PBXFileReference; lastKnownFileType = sourcecode.swift; path = EmberTheme.swift; sourceTree = "<group>"; };
		D11000000000000000000001 /* MainTabView.swift */ = {isa = PBXFileReference; lastKnownFileType = sourcecode.swift; path = MainTabView.swift; sourceTree = "<group>"; };
		D11000000000000000000002 /* LiveAudioView.swift */ = {isa = PBXFileReference; lastKnownFileType = sourcecode.swift; path = LiveAudioView.swift; sourceTree = "<group>"; };
		D11000000000000000000003 /* AudioCaptureService.swift */ = {isa = PBXFileReference; lastKnownFileType = sourcecode.swift; path = AudioCaptureService.swift; sourceTree = "<group>"; };
		D11000000000000000000004 /* RealtimeAudioStreamService.swift */ = {isa = PBXFileReference; lastKnownFileType = sourcecode.swift; path = RealtimeAudioStreamService.swift; sourceTree = "<group>"; };
		D11000000000000000000005 /* AudioFeatureExtractor.swift */ = {isa = PBXFileReference; lastKnownFileType = sourcecode.swift; path = AudioFeatureExtractor.swift; sourceTree = "<group>"; };
		D11000000000000000000006 /* TelemetryModels.swift */ = {isa = PBXFileReference; lastKnownFileType = sourcecode.swift; path = TelemetryModels.swift; sourceTree = "<group>"; };
		D11000000000000000000007 /* TelemetryBuffer.swift */ = {isa = PBXFileReference; lastKnownFileType = sourcecode.swift; path = TelemetryBuffer.swift; sourceTree = "<group>"; };
		D11000000000000000000008 /* FacialTelemetryManager.swift */ = {isa = PBXFileReference; lastKnownFileType = sourcecode.swift; path = FacialTelemetryManager.swift; sourceTree = "<group>"; };
		D11000000000000000000009 /* MotionTelemetryManager.swift */ = {isa = PBXFileReference; lastKnownFileType = sourcecode.swift; path = MotionTelemetryManager.swift; sourceTree = "<group>"; };
		D1100000000000000000000A /* AudioTelemetryManager.swift */ = {isa = PBXFileReference; lastKnownFileType = sourcecode.swift; path = AudioTelemetryManager.swift; sourceTree = "<group>"; };
		D1100000000000000000000B /* SensoryEnvironmentManager.swift */ = {isa = PBXFileReference; lastKnownFileType = sourcecode.swift; path = SensoryEnvironmentManager.swift; sourceTree = "<group>"; };
		D1100000000000000000000C /* TouchTelemetryCaptureView.swift */ = {isa = PBXFileReference; lastKnownFileType = sourcecode.swift; path = TouchTelemetryCaptureView.swift; sourceTree = "<group>"; };
		D1100000000000000000000D /* TelemetryOrchestrator.swift */ = {isa = PBXFileReference; lastKnownFileType = sourcecode.swift; path = TelemetryOrchestrator.swift; sourceTree = "<group>"; };
		D1100000000000000000000E /* TelemetryMonitorView.swift */ = {isa = PBXFileReference; lastKnownFileType = sourcecode.swift; path = TelemetryMonitorView.swift; sourceTree = "<group>"; };
		D1100000000000000000000F /* AudioTripwireManager.swift */ = {isa = PBXFileReference; lastKnownFileType = sourcecode.swift; path = AudioTripwireManager.swift; sourceTree = "<group>"; };
		D11000000000000000000010 /* ActiveAssessmentView.swift */ = {isa = PBXFileReference; lastKnownFileType = sourcecode.swift; path = ActiveAssessmentView.swift; sourceTree = "<group>"; };
		D11000000000000000000011 /* EmberNotificationRouter.swift */ = {isa = PBXFileReference; lastKnownFileType = sourcecode.swift; path = EmberNotificationRouter.swift; sourceTree = "<group>"; };
		D11000000000000000000012 /* JournalModels.swift */ = {isa = PBXFileReference; lastKnownFileType = sourcecode.swift; path = JournalModels.swift; sourceTree = "<group>"; };
		D11000000000000000000013 /* JournalStore.swift */ = {isa = PBXFileReference; lastKnownFileType = sourcecode.swift; path = JournalStore.swift; sourceTree = "<group>"; };
		D11000000000000000000014 /* VideoJournalRecorderView.swift */ = {isa = PBXFileReference; lastKnownFileType = sourcecode.swift; path = VideoJournalRecorderView.swift; sourceTree = "<group>"; };
		D11000000000000000000015 /* JournalTelemetryAnalyzer.swift */ = {isa = PBXFileReference; lastKnownFileType = sourcecode.swift; path = JournalTelemetryAnalyzer.swift; sourceTree = "<group>"; };
		D11000000000000000000016 /* JournalCaptureView.swift */ = {isa = PBXFileReference; lastKnownFileType = sourcecode.swift; path = JournalCaptureView.swift; sourceTree = "<group>"; };
		D11000000000000000000017 /* JournalDetailView.swift */ = {isa = PBXFileReference; lastKnownFileType = sourcecode.swift; path = JournalDetailView.swift; sourceTree = "<group>"; };
		D11000000000000000000018 /* JournalHomeView.swift */ = {isa = PBXFileReference; lastKnownFileType = sourcecode.swift; path = JournalHomeView.swift; sourceTree = "<group>"; };
		D11000000000000000000019 /* MasterMindTabView.swift */ = {isa = PBXFileReference; lastKnownFileType = sourcecode.swift; path = MasterMindTabView.swift; sourceTree = "<group>"; };
		D1100000000000000000001A /* JournalLibraryView.swift */ = {isa = PBXFileReference; lastKnownFileType = sourcecode.swift; path = JournalLibraryView.swift; sourceTree = "<group>"; };
		D1100000000000000000001B /* MasterMindSettingsView.swift */ = {isa = PBXFileReference; lastKnownFileType = sourcecode.swift; path = MasterMindSettingsView.swift; sourceTree = "<group>"; };
		D1100000000000000000001C /* MasterMindOnboardingView.swift */ = {isa = PBXFileReference; lastKnownFileType = sourcecode.swift; path = MasterMindOnboardingView.swift; sourceTree = "<group>"; };
		E11000000000000000000001 /* Assets.xcassets */ = {isa = PBXFileReference; lastKnownFileType = folder.assetcatalog; path = Assets.xcassets; sourceTree = "<group>"; };
/* End PBXFileReference section */

/* Begin PBXFrameworksBuildPhase section */
		A30000000000000000000001 /* Frameworks */ = {
			isa = PBXFrameworksBuildPhase;
			buildActionMask = 2147483647;
			files = (
				92C3DFEB2F94695F00624728 /* Accelerate.framework in Frameworks */,
				92C3DFE92F94694000624728 /* CoreML.framework in Frameworks */,
			);
			runOnlyForDeploymentPostprocessing = 0;
		};
/* End PBXFrameworksBuildPhase section */

/* Begin PBXGroup section */
		92C3DFE72F94694000624728 /* Frameworks */ = {
			isa = PBXGroup;
			children = (
				92C3DFEA2F94695F00624728 /* Accelerate.framework */,
				92C3DFE82F94694000624728 /* CoreML.framework */,
			);
			name = Frameworks;
			sourceTree = "<group>";
		};
		A40000000000000000000001 = {
			isa = PBXGroup;
			children = (
				A40000000000000000000002 /* Ember */,
				A40000000000000000000003 /* Products */,
				E11000000000000000000001 /* Assets.xcassets */,
				A20000000000000000000009 /* Info.plist */,
				A2000000000000000000000A /* Ember-Bridging-Header.h */,
				92C3DFE72F94694000624728 /* Frameworks */,
			);
			sourceTree = "<group>";
		};
		A40000000000000000000002 /* Ember */ = {
			isa = PBXGroup;
			children = (
				A20000000000000000000001 /* EmberApp.swift */,
				A20000000000000000000002 /* DashboardView.swift */,
				A20000000000000000000003 /* CactusManager.swift */,
				A20000000000000000000004 /* APIService.swift */,
				A20000000000000000000005 /* Models.swift */,
				A20000000000000000000006 /* ProfileSyncCoordinator.swift */,
				A20000000000000000000007 /* AppEnvironment.swift */,
				A20000000000000000000008 /* MemoryFootprint.swift */,
				B11000000000000000000001 /* EmberTheme.swift */,
				D11000000000000000000001 /* MainTabView.swift */,
				D11000000000000000000002 /* LiveAudioView.swift */,
				D11000000000000000000003 /* AudioCaptureService.swift */,
				D11000000000000000000004 /* RealtimeAudioStreamService.swift */,
				D11000000000000000000005 /* AudioFeatureExtractor.swift */,
				D11000000000000000000006 /* TelemetryModels.swift */,
				D11000000000000000000007 /* TelemetryBuffer.swift */,
				D11000000000000000000008 /* FacialTelemetryManager.swift */,
				D11000000000000000000009 /* MotionTelemetryManager.swift */,
				D1100000000000000000000A /* AudioTelemetryManager.swift */,
				D1100000000000000000000B /* SensoryEnvironmentManager.swift */,
				D1100000000000000000000C /* TouchTelemetryCaptureView.swift */,
				D1100000000000000000000D /* TelemetryOrchestrator.swift */,
				D1100000000000000000000E /* TelemetryMonitorView.swift */,
				D1100000000000000000000F /* AudioTripwireManager.swift */,
				D11000000000000000000010 /* ActiveAssessmentView.swift */,
				D11000000000000000000011 /* EmberNotificationRouter.swift */,
				D11000000000000000000012 /* JournalModels.swift */,
				D11000000000000000000013 /* JournalStore.swift */,
				D11000000000000000000014 /* VideoJournalRecorderView.swift */,
				D11000000000000000000015 /* JournalTelemetryAnalyzer.swift */,
				D11000000000000000000016 /* JournalCaptureView.swift */,
				D11000000000000000000017 /* JournalDetailView.swift */,
				D11000000000000000000018 /* JournalHomeView.swift */,
				D11000000000000000000019 /* MasterMindTabView.swift */,
				D1100000000000000000001A /* JournalLibraryView.swift */,
				D1100000000000000000001B /* MasterMindSettingsView.swift */,
				D1100000000000000000001C /* MasterMindOnboardingView.swift */,
			);
			path = Ember;
			sourceTree = "<group>";
		};
		A40000000000000000000003 /* Products */ = {
			isa = PBXGroup;
			children = (
				A2000000000000000000000B /* Ember.app */,
			);
			name = Products;
			sourceTree = "<group>";
		};
/* End PBXGroup section */

/* Begin PBXNativeTarget section */
		A50000000000000000000001 /* Ember */ = {
			isa = PBXNativeTarget;
			buildConfigurationList = A80000000000000000000002 /* Build configuration list for PBXNativeTarget "Ember" */;
			buildPhases = (
				A30000000000000000000002 /* Sources */,
				A30000000000000000000001 /* Frameworks */,
				A30000000000000000000003 /* Resources */,
				C11000000000000000000001 /* Copy Cactus weights */,
			);
			buildRules = (
			);
			dependencies = (
			);
			name = Ember;
			productName = Ember;
			productReference = A2000000000000000000000B /* Ember.app */;
			productType = "com.apple.product-type.application";
		};
/* End PBXNativeTarget section */

/* Begin PBXProject section */
		A60000000000000000000001 /* Project object */ = {
			isa = PBXProject;
			attributes = {
				BuildIndependentTargetsInParallel = 1;
				LastSwiftUpdateCheck = 1500;
				LastUpgradeCheck = 1500;
				TargetAttributes = {
					A50000000000000000000001 = {
						CreatedOnToolsVersion = 15.0;
					};
				};
			};
			buildConfigurationList = A80000000000000000000001 /* Build configuration list for PBXProject "Ember" */;
			compatibilityVersion = "Xcode 14.0";
			developmentRegion = en;
			hasScannedForEncodings = 0;
			knownRegions = (
				en,
				Base,
			);
			mainGroup = A40000000000000000000001;
			productRefGroup = A40000000000000000000003 /* Products */;
			projectDirPath = "";
			projectRoot = "";
			targets = (
				A50000000000000000000001 /* Ember */,
			);
		};
/* End PBXProject section */

/* Begin PBXResourcesBuildPhase section */
		A30000000000000000000003 /* Resources */ = {
			isa = PBXResourcesBuildPhase;
			buildActionMask = 2147483647;
			files = (
				E12000000000000000000001 /* Assets.xcassets in Resources */,
			);
			runOnlyForDeploymentPostprocessing = 0;
		};
/* End PBXResourcesBuildPhase section */

/* Begin PBXSourcesBuildPhase section */
		A30000000000000000000002 /* Sources */ = {
			isa = PBXSourcesBuildPhase;
			buildActionMask = 2147483647;
			files = (
				A10000000000000000000001 /* EmberApp.swift in Sources */,
				A10000000000000000000002 /* DashboardView.swift in Sources */,
				A10000000000000000000003 /* CactusManager.swift in Sources */,
				A10000000000000000000004 /* APIService.swift in Sources */,
				A10000000000000000000005 /* Models.swift in Sources */,
				A10000000000000000000006 /* ProfileSyncCoordinator.swift in Sources */,
				A10000000000000000000007 /* AppEnvironment.swift in Sources */,
				A10000000000000000000008 /* MemoryFootprint.swift in Sources */,
				B12000000000000000000001 /* EmberTheme.swift in Sources */,
				D12000000000000000000001 /* MainTabView.swift in Sources */,
				D12000000000000000000002 /* LiveAudioView.swift in Sources */,
				D12000000000000000000003 /* AudioCaptureService.swift in Sources */,
				D12000000000000000000004 /* RealtimeAudioStreamService.swift in Sources */,
				D12000000000000000000005 /* AudioFeatureExtractor.swift in Sources */,
				D12000000000000000000006 /* TelemetryModels.swift in Sources */,
				D12000000000000000000007 /* TelemetryBuffer.swift in Sources */,
				D12000000000000000000008 /* FacialTelemetryManager.swift in Sources */,
				D12000000000000000000009 /* MotionTelemetryManager.swift in Sources */,
				D1200000000000000000000A /* AudioTelemetryManager.swift in Sources */,
				D1200000000000000000000B /* SensoryEnvironmentManager.swift in Sources */,
				D1200000000000000000000C /* TouchTelemetryCaptureView.swift in Sources */,
				D1200000000000000000000D /* TelemetryOrchestrator.swift in Sources */,
				D1200000000000000000000E /* TelemetryMonitorView.swift in Sources */,
				D1200000000000000000000F /* AudioTripwireManager.swift in Sources */,
				D12000000000000000000010 /* ActiveAssessmentView.swift in Sources */,
				D12000000000000000000011 /* EmberNotificationRouter.swift in Sources */,
				D12000000000000000000012 /* JournalModels.swift in Sources */,
				D12000000000000000000013 /* JournalStore.swift in Sources */,
				D12000000000000000000014 /* VideoJournalRecorderView.swift in Sources */,
				D12000000000000000000015 /* JournalTelemetryAnalyzer.swift in Sources */,
				D12000000000000000000016 /* JournalCaptureView.swift in Sources */,
				D12000000000000000000017 /* JournalDetailView.swift in Sources */,
				D12000000000000000000018 /* JournalHomeView.swift in Sources */,
				D12000000000000000000019 /* MasterMindTabView.swift in Sources */,
				D1200000000000000000001A /* JournalLibraryView.swift in Sources */,
				D1200000000000000000001B /* MasterMindSettingsView.swift in Sources */,
				D1200000000000000000001C /* MasterMindOnboardingView.swift in Sources */,
			);
			runOnlyForDeploymentPostprocessing = 0;
		};
/* End PBXSourcesBuildPhase section */

/* Begin PBXShellScriptBuildPhase section */
		C11000000000000000000001 /* Copy Cactus weights */ = {
			isa = PBXShellScriptBuildPhase;
			buildActionMask = 2147483647;
			files = (
			);
			inputFileListPaths = (
			);
			inputPaths = (
			);
			name = "Copy Cactus weights";
			outputFileListPaths = (
			);
			outputPaths = (
			);
			runOnlyForDeploymentPostprocessing = 0;
			shellPath = /bin/bash;
			shellScript = "bash \"${SRCROOT}/scripts/copy-cactus-weights.sh\"\n";
		};
/* End PBXShellScriptBuildPhase section */

/* Begin XCBuildConfiguration section */
		A70000000000000000000001 /* Debug */ = {
			isa = XCBuildConfiguration;
			buildSettings = {
				ALWAYS_SEARCH_USER_PATHS = NO;
				CLANG_ENABLE_MODULES = YES;
				CLANG_ENABLE_OBJC_ARC = YES;
				COPY_PHASE_STRIP = NO;
				DEBUG_INFORMATION_FORMAT = dwarf;
				ENABLE_TESTABILITY = YES;
				GCC_DYNAMIC_NO_PIC = NO;
				GCC_OPTIMIZATION_LEVEL = 0;
				IPHONEOS_DEPLOYMENT_TARGET = 17.0;
				MTL_ENABLE_DEBUG_INFO = INCLUDE_SOURCE;
				ONLY_ACTIVE_ARCH = YES;
				SDKROOT = iphoneos;
				SWIFT_ACTIVE_COMPILATION_CONDITIONS = DEBUG;
				SWIFT_OPTIMIZATION_LEVEL = "-Onone";
			};
			name = Debug;
		};
		A70000000000000000000002 /* Release */ = {
			isa = XCBuildConfiguration;
			buildSettings = {
				ALWAYS_SEARCH_USER_PATHS = NO;
				CLANG_ENABLE_MODULES = YES;
				CLANG_ENABLE_OBJC_ARC = YES;
				COPY_PHASE_STRIP = NO;
				DEBUG_INFORMATION_FORMAT = "dwarf-with-dsym";
				IPHONEOS_DEPLOYMENT_TARGET = 17.0;
				MTL_ENABLE_DEBUG_INFO = NO;
				SDKROOT = iphoneos;
				SWIFT_COMPILATION_MODE = wholemodule;
				VALIDATE_PRODUCT = YES;
			};
			name = Release;
		};
		A70000000000000000000003 /* Debug */ = {
			isa = XCBuildConfiguration;
			buildSettings = {
				ASSETCATALOG_COMPILER_APPICON_NAME = AppIcon;
				"CODE_SIGNING_REQUIRED[sdk=iphonesimulator*]" = NO;
				"CODE_SIGN_IDENTITY[sdk=iphonesimulator*]" = "-";
				CODE_SIGN_STYLE = Automatic;
				CURRENT_PROJECT_VERSION = 1;
				DEVELOPMENT_TEAM = G6HCJPD5V8;
				ENABLE_PREVIEWS = YES;
				GENERATE_INFOPLIST_FILE = NO;
				HEADER_SEARCH_PATHS = "$(SRCROOT)/../cactus/cactus";
				INFOPLIST_FILE = Info.plist;
				INFOPLIST_KEY_UIApplicationSceneManifest_Generation = YES;
				INFOPLIST_KEY_UILaunchScreen_Generation = YES;
				IPHONEOS_DEPLOYMENT_TARGET = 17.0;
				LD_RUNPATH_SEARCH_PATHS = (
					"$(inherited)",
					"@executable_path/Frameworks",
				);
				"LIBRARY_SEARCH_PATHS[sdk=iphoneos*]" = (
					"$(SRCROOT)/../cactus/apple",
					"$(SRCROOT)/../cactus/libs/curl/ios/device",
				);
				"LIBRARY_SEARCH_PATHS[sdk=iphonesimulator*]" = (
					"$(SRCROOT)/../cactus/apple",
					"$(SRCROOT)/../cactus/libs/curl/ios/simulator",
				);
				MARKETING_VERSION = 1.0;
				"OTHER_LDFLAGS[sdk=iphoneos*]" = (
					"$(inherited)",
					"-framework",
					"Security",
					"-framework",
					"SystemConfiguration",
					"-framework",
					"CFNetwork",
					"-lc++",
					"-lcactus-device",
					"-lcurl",
				);
				"OTHER_LDFLAGS[sdk=iphonesimulator*]" = (
					"$(inherited)",
					"-framework",
					"Security",
					"-framework",
					"SystemConfiguration",
					"-framework",
					"CFNetwork",
					"-lc++",
					"-lcactus-simulator",
					"-lcurl",
				);
				PRODUCT_BUNDLE_IDENTIFIER = com.ember.Ember;
				PRODUCT_NAME = "$(TARGET_NAME)";
				SWIFT_EMIT_LOC_STRINGS = YES;
				SWIFT_OBJC_BRIDGING_HEADER = "Ember-Bridging-Header.h";
				SWIFT_VERSION = 5.0;
				TARGETED_DEVICE_FAMILY = "1,2";
			};
			name = Debug;
		};
		A70000000000000000000004 /* Release */ = {
			isa = XCBuildConfiguration;
			buildSettings = {
				ASSETCATALOG_COMPILER_APPICON_NAME = AppIcon;
				"CODE_SIGNING_REQUIRED[sdk=iphonesimulator*]" = NO;
				"CODE_SIGN_IDENTITY[sdk=iphonesimulator*]" = "-";
				CODE_SIGN_STYLE = Automatic;
				CURRENT_PROJECT_VERSION = 1;
				DEVELOPMENT_TEAM = G6HCJPD5V8;
				ENABLE_PREVIEWS = YES;
				GENERATE_INFOPLIST_FILE = NO;
				HEADER_SEARCH_PATHS = "$(SRCROOT)/../cactus/cactus";
				INFOPLIST_FILE = Info.plist;
				INFOPLIST_KEY_UIApplicationSceneManifest_Generation = YES;
				INFOPLIST_KEY_UILaunchScreen_Generation = YES;
				IPHONEOS_DEPLOYMENT_TARGET = 17.0;
				LD_RUNPATH_SEARCH_PATHS = (
					"$(inherited)",
					"@executable_path/Frameworks",
				);
				"LIBRARY_SEARCH_PATHS[sdk=iphoneos*]" = (
					"$(SRCROOT)/../cactus/apple",
					"$(SRCROOT)/../cactus/libs/curl/ios/device",
				);
				"LIBRARY_SEARCH_PATHS[sdk=iphonesimulator*]" = (
					"$(SRCROOT)/../cactus/apple",
					"$(SRCROOT)/../cactus/libs/curl/ios/simulator",
				);
				MARKETING_VERSION = 1.0;
				"OTHER_LDFLAGS[sdk=iphoneos*]" = (
					"$(inherited)",
					"-framework",
					"Security",
					"-framework",
					"SystemConfiguration",
					"-framework",
					"CFNetwork",
					"-lc++",
					"-lcactus-device",
					"-lcurl",
				);
				"OTHER_LDFLAGS[sdk=iphonesimulator*]" = (
					"$(inherited)",
					"-framework",
					"Security",
					"-framework",
					"SystemConfiguration",
					"-framework",
					"CFNetwork",
					"-lc++",
					"-lcactus-simulator",
					"-lcurl",
				);
				PRODUCT_BUNDLE_IDENTIFIER = com.ember.Ember;
				PRODUCT_NAME = "$(TARGET_NAME)";
				SWIFT_EMIT_LOC_STRINGS = YES;
				SWIFT_OBJC_BRIDGING_HEADER = "Ember-Bridging-Header.h";
				SWIFT_VERSION = 5.0;
				TARGETED_DEVICE_FAMILY = "1,2";
			};
			name = Release;
		};
/* End XCBuildConfiguration section */

/* Begin XCConfigurationList section */
		A80000000000000000000001 /* Build configuration list for PBXProject "Ember" */ = {
			isa = XCConfigurationList;
			buildConfigurations = (
				A70000000000000000000001 /* Debug */,
				A70000000000000000000002 /* Release */,
			);
			defaultConfigurationIsVisible = 0;
			defaultConfigurationName = Release;
		};
		A80000000000000000000002 /* Build configuration list for PBXNativeTarget "Ember" */ = {
			isa = XCConfigurationList;
			buildConfigurations = (
				A70000000000000000000003 /* Debug */,
				A70000000000000000000004 /* Release */,
			);
			defaultConfigurationIsVisible = 0;
			defaultConfigurationName = Release;
		};
/* End XCConfigurationList section */
	};
	rootObject = A60000000000000000000001 /* Project object */;
}
